// !$*UTF8*$!
{
	archiveVersion = 1;
	classes = {
	};
	objectVersion = 46;
	objects = {

/* Begin PBXBuildFile section */
		2EBA6D691CEA810400FE4318 /* ChooseScreenViewController.swift in Sources */ = {isa = PBXBuildFile; fileRef = 2EBA6D681CEA810400FE4318 /* ChooseScreenViewController.swift */; };
		2ED8F9C61CEA71EE00C99189 /* AppDelegate.swift in Sources */ = {isa = PBXBuildFile; fileRef = 2ED8F9C51CEA71EE00C99189 /* AppDelegate.swift */; };
		2ED8F9C81CEA71EE00C99189 /* ViewController.swift in Sources */ = {isa = PBXBuildFile; fileRef = 2ED8F9C71CEA71EE00C99189 /* ViewController.swift */; };
		2ED8F9CB1CEA71EE00C99189 /* Main.storyboard in Resources */ = {isa = PBXBuildFile; fileRef = 2ED8F9C91CEA71EE00C99189 /* Main.storyboard */; };
		2ED8F9CD1CEA71EE00C99189 /* Assets.xcassets in Resources */ = {isa = PBXBuildFile; fileRef = 2ED8F9CC1CEA71EE00C99189 /* Assets.xcassets */; };
		2ED8F9D01CEA71EE00C99189 /* LaunchScreen.storyboard in Resources */ = {isa = PBXBuildFile; fileRef = 2ED8F9CE1CEA71EE00C99189 /* LaunchScreen.storyboard */; };
/* End PBXBuildFile section */

/* Begin PBXFileReference section */
		2EBA6D681CEA810400FE4318 /* ChooseScreenViewController.swift */ = {isa = PBXFileReference; fileEncoding = 4; lastKnownFileType = sourcecode.swift; path = ChooseScreenViewController.swift; sourceTree = "<group>"; };
		2ED8F9C21CEA71EE00C99189 /* 10 - SimpleRESTApiCall.app */ = {isa = PBXFileReference; explicitFileType = wrapper.application; includeInIndex = 0; path = "10 - SimpleRESTApiCall.app"; sourceTree = BUILT_PRODUCTS_DIR; };
		2ED8F9C51CEA71EE00C99189 /* AppDelegate.swift */ = {isa = PBXFileReference; lastKnownFileType = sourcecode.swift; path = AppDelegate.swift; sourceTree = "<group>"; };
		2ED8F9C71CEA71EE00C99189 /* ViewController.swift */ = {isa = PBXFileReference; lastKnownFileType = sourcecode.swift; path = ViewController.swift; sourceTree = "<group>"; };
		2ED8F9CA1CEA71EE00C99189 /* Base */ = {isa = PBXFileReference; lastKnownFileType = file.storyboard; name = Base; path = Base.lproj/Main.storyboard; sourceTree = "<group>"; };
		2ED8F9CC1CEA71EE00C99189 /* Assets.xcassets */ = {isa = PBXFileReference; lastKnownFileType = folder.assetcatalog; path = Assets.xcassets; sourceTree = "<group>"; };
		2ED8F9CF1CEA71EE00C99189 /* Base */ = {isa = PBXFileReference; lastKnownFileType = file.storyboard; name = Base; path = Base.lproj/LaunchScreen.storyboard; sourceTree = "<group>"; };
		2ED8F9D11CEA71EE00C99189 /* Info.plist */ = {isa = PBXFileReference; lastKnownFileType = text.plist.xml; path = Info.plist; sourceTree = "<group>"; };
/* End PBXFileReference section */

/* Begin PBXFrameworksBuildPhase section */
		2ED8F9BF1CEA71EE00C99189 /* Frameworks */ = {
			isa = PBXFrameworksBuildPhase;
			buildActionMask = 2147483647;
			files = (
			);
			runOnlyForDeploymentPostprocessing = 0;
		};
/* End PBXFrameworksBuildPhase section */

/* Begin PBXGroup section */
		2ED8F9B91CEA71EE00C99189 = {
			isa = PBXGroup;
			children = (
				2ED8F9C41CEA71EE00C99189 /* 10 - SimpleRESTApiCall */,
				2ED8F9C31CEA71EE00C99189 /* Products */,
			);
			sourceTree = "<group>";
		};
		2ED8F9C31CEA71EE00C99189 /* Products */ = {
			isa = PBXGroup;
			children = (
				2ED8F9C21CEA71EE00C99189 /* 10 - SimpleRESTApiCall.app */,
			);
			name = Products;
			sourceTree = "<group>";
		};
		2ED8F9C41CEA71EE00C99189 /* 10 - SimpleRESTApiCall */ = {
			isa = PBXGroup;
			children = (
				2ED8F9C51CEA71EE00C99189 /* AppDelegate.swift */,
				2ED8F9C71CEA71EE00C99189 /* ViewController.swift */,
				2EBA6D681CEA810400FE4318 /* ChooseScreenViewController.swift */,
				2ED8F9C91CEA71EE00C99189 /* Main.storyboard */,
				2ED8F9CC1CEA71EE00C99189 /* Assets.xcassets */,
				2ED8F9CE1CEA71EE00C99189 /* LaunchScreen.storyboard */,
				2ED8F9D11CEA71EE00C99189 /* Info.plist */,
			);
			path = "10 - SimpleRESTApiCall";
			sourceTree = "<group>";
		};
/* End PBXGroup section */

/* Begin PBXNativeTarget section */
		2ED8F9C11CEA71EE00C99189 /* 10 - SimpleRESTApiCall */ = {
			isa = PBXNativeTarget;
			buildConfigurationList = 2ED8F9D41CEA71EE00C99189 /* Build configuration list for PBXNativeTarget "10 - SimpleRESTApiCall" */;
			buildPhases = (
				2ED8F9BE1CEA71EE00C99189 /* Sources */,
				2ED8F9BF1CEA71EE00C99189 /* Frameworks */,
				2ED8F9C01CEA71EE00C99189 /* Resources */,
			);
			buildRules = (
			);
			dependencies = (
			);
			name = "10 - SimpleRESTApiCall";
			productName = "10 - SimpleRESTApiCall";
			productReference = 2ED8F9C21CEA71EE00C99189 /* 10 - SimpleRESTApiCall.app */;
			productType = "com.apple.product-type.application";
		};
/* End PBXNativeTarget section */

/* Begin PBXProject section */
		2ED8F9BA1CEA71EE00C99189 /* Project object */ = {
			isa = PBXProject;
			attributes = {
				LastSwiftUpdateCheck = 0730;
				LastUpgradeCheck = 0730;
				ORGANIZATIONNAME = "Matthew Benjamin";
				TargetAttributes = {
					2ED8F9C11CEA71EE00C99189 = {
						CreatedOnToolsVersion = 7.3.1;
					};
				};
			};
			buildConfigurationList = 2ED8F9BD1CEA71EE00C99189 /* Build configuration list for PBXProject "10 - SimpleRESTApiCall" */;
			compatibilityVersion = "Xcode 3.2";
			developmentRegion = English;
			hasScannedForEncodings = 0;
			knownRegions = (
				en,
				Base,
			);
			mainGroup = 2ED8F9B91CEA71EE00C99189;
			productRefGroup = 2ED8F9C31CEA71EE00C99189 /* Products */;
			projectDirPath = "";
			projectRoot = "";
			targets = (
				2ED8F9C11CEA71EE00C99189 /* 10 - SimpleRESTApiCall */,
			);
		};
/* End PBXProject section */

/* Begin PBXResourcesBuildPhase section */
		2ED8F9C01CEA71EE00C99189 /* Resources */ = {
			isa = PBXResourcesBuildPhase;
			buildActionMask = 2147483647;
			files = (
				2ED8F9D01CEA71EE00C99189 /* LaunchScreen.storyboard in Resources */,
				2ED8F9CD1CEA71EE00C99189 /* Assets.xcassets in Resources */,
				2ED8F9CB1CEA71EE00C99189 /* Main.storyboard in Resources */,
			);
			runOnlyForDeploymentPostprocessing = 0;
		};
/* End PBXResourcesBuildPhase section */

/* Begin PBXSourcesBuildPhase section */
		2ED8F9BE1CEA71EE00C99189 /* Sources */ = {
			isa = PBXSourcesBuildPhase;
			buildActionMask = 2147483647;
			files = (
				2EBA6D691CEA810400FE4318 /* ChooseScreenViewController.swift in Sources */,
				2ED8F9C81CEA71EE00C99189 /* ViewController.swift in Sources */,
				2ED8F9C61CEA71EE00C99189 /* AppDelegate.swift in Sources */,
			);
			runOnlyForDeploymentPostprocessing = 0;
		};
/* End PBXSourcesBuildPhase section */

/* Begin PBXVariantGroup section */
		2ED8F9C91CEA71EE00C99189 /* Main.storyboard */ = {
			isa = PBXVariantGroup;
			children = (
				2ED8F9CA1CEA71EE00C99189 /* Base */,
			);
			name = Main.storyboard;
			sourceTree = "<group>";
		};
		2ED8F9CE1CEA71EE00C99189 /* LaunchScreen.storyboard */ = {
			isa = PBXVariantGroup;
			children = (
				2ED8F9CF1CEA71EE00C99189 /* Base */,
			);
			name = LaunchScreen.storyboard;
			sourceTree = "<group>";
		};
/* End PBXVariantGroup section */

/* Begin XCBuildConfiguration section */
		2ED8F9D21CEA71EE00C99189 /* Debug */ = {
			isa = XCBuildConfiguration;
			buildSettings = {
				ALWAYS_SEARCH_USER_PATHS = NO;
				CLANG_ANALYZER_NONNULL = YES;
				CLANG_CXX_LANGUAGE_STANDARD = "gnu++0x";
				CLANG_CXX_LIBRARY = "libc++";
				CLANG_ENABLE_MODULES = YES;
				CLANG_ENABLE_OBJC_ARC = YES;
				CLANG_WARN_BOOL_CONVERSION = YES;
				CLANG_WARN_CONSTANT_CONVERSION = YES;
				CLANG_WARN_DIRECT_OBJC_ISA_USAGE = YES_ERROR;
				CLANG_WARN_EMPTY_BODY = YES;
				CLANG_WARN_ENUM_CONVERSION = YES;
				CLANG_WARN_INT_CONVERSION = YES;
				CLANG_WARN_OBJC_ROOT_CLASS = YES_ERROR;
				CLANG_WARN_UNREACHABLE_CODE = YES;
				CLANG_WARN__DUPLICATE_METHOD_MATCH = YES;
				"CODE_SIGN_IDENTITY[sdk=iphoneos*]" = "iPhone Developer";
				COPY_PHASE_STRIP = NO;
				DEBUG_INFORMATION_FORMAT = dwarf;
				ENABLE_STRICT_OBJC_MSGSEND = YES;
				ENABLE_TESTABILITY = YES;
				GCC_C_LANGUAGE_STANDARD = gnu99;
				GCC_DYNAMIC_NO_PIC = NO;
				GCC_NO_COMMON_BLOCKS = YES;
				GCC_OPTIMIZATION_LEVEL = 0;
				GCC_PREPROCESSOR_DEFINITIONS = (
					"DEBUG=1",
					"$(inherited)",
				);
				GCC_WARN_64_TO_32_BIT_CONVERSION = YES;
				GCC_WARN_ABOUT_RETURN_TYPE = YES_ERROR;
				GCC_WARN_UNDECLARED_SELECTOR = YES;
				GCC_WARN_UNINITIALIZED_AUTOS = YES_AGGRESSIVE;
				GCC_WARN_UNUSED_FUNCTION = YES;
				GCC_WARN_UNUSED_VARIABLE = YES;
				IPHONEOS_DEPLOYMENT_TARGET = 9.3;
				MTL_ENABLE_DEBUG_INFO = YES;
				ONLY_ACTIVE_ARCH = YES;
				SDKROOT = iphoneos;
				SWIFT_OPTIMIZATION_LEVEL = "-Onone";
			};
			name = Debug;
		};
		2ED8F9D31CEA71EE00C99189 /* Release */ = {
			isa = XCBuildConfiguration;
			buildSettings = {
				ALWAYS_SEARCH_USER_PATHS = NO;
				CLANG_ANALYZER_NONNULL = YES;
				CLANG_CXX_LANGUAGE_STANDARD = "gnu++0x";
				CLANG_CXX_LIBRARY = "libc++";
				CLANG_ENABLE_MODULES = YES;
				CLANG_ENABLE_OBJC_ARC = YES;
				CLANG_WARN_BOOL_CONVERSION = YES;
				CLANG_WARN_CONSTANT_CONVERSION = YES;
				CLANG_WARN_DIRECT_OBJC_ISA_USAGE = YES_ERROR;
				CLANG_WARN_EMPTY_BODY = YES;
				CLANG_WARN_ENUM_CONVERSION = YES;
				CLANG_WARN_INT_CONVERSION = YES;
				CLANG_WARN_OBJC_ROOT_CLASS = YES_ERROR;
				CLANG_WARN_UNREACHABLE_CODE = YES;
				CLANG_WARN__DUPLICATE_METHOD_MATCH = YES;
				"CODE_SIGN_IDENTITY[sdk=iphoneos*]" = "iPhone Developer";
				COPY_PHASE_STRIP = NO;
				DEBUG_INFORMATION_FORMAT = "dwarf-with-dsym";
				ENABLE_NS_ASSERTIONS = NO;
				ENABLE_STRICT_OBJC_MSGSEND = YES;
				GCC_C_LANGUAGE_STANDARD = gnu99;
				GCC_NO_COMMON_BLOCKS = YES;
				GCC_WARN_64_TO_32_BIT_CONVERSION = YES;
				GCC_WARN_ABOUT_RETURN_TYPE = YES_ERROR;
				GCC_WARN_UNDECLARED_SELECTOR = YES;
				GCC_WARN_UNINITIALIZED_AUTOS = YES_AGGRESSIVE;
				GCC_WARN_UNUSED_FUNCTION = YES;
				GCC_WARN_UNUSED_VARIABLE = YES;
				IPHONEOS_DEPLOYMENT_TARGET = 9.3;
				MTL_ENABLE_DEBUG_INFO = NO;
				SDKROOT = iphoneos;
				VALIDATE_PRODUCT = YES;
			};
			name = Release;
		};
		2ED8F9D51CEA71EE00C99189 /* Debug */ = {
			isa = XCBuildConfiguration;
			buildSettings = {
				ASSETCATALOG_COMPILER_APPICON_NAME = AppIcon;
				INFOPLIST_FILE = "10 - SimpleRESTApiCall/Info.plist";
				LD_RUNPATH_SEARCH_PATHS = "$(inherited) @executable_path/Frameworks";
				PRODUCT_BUNDLE_IDENTIFIER = "com.mbenjamin618.-0---SimpleRESTApiCall";
				PRODUCT_NAME = "$(TARGET_NAME)";
			};
			name = Debug;
		};
		2ED8F9D61CEA71EE00C99189 /* Release */ = {
			isa = XCBuildConfiguration;
			buildSettings = {
				ASSETCATALOG_COMPILER_APPICON_NAME = AppIcon;
				INFOPLIST_FILE = "10 - SimpleRESTApiCall/Info.plist";
				LD_RUNPATH_SEARCH_PATHS = "$(inherited) @executable_path/Frameworks";
				PRODUCT_BUNDLE_IDENTIFIER = "com.mbenjamin618.-0---SimpleRESTApiCall";
				PRODUCT_NAME = "$(TARGET_NAME)";
			};
			name = Release;
		};
/* End XCBuildConfiguration section */

/* Begin XCConfigurationList section */
		2ED8F9BD1CEA71EE00C99189 /* Build configuration list for PBXProject "10 - SimpleRESTApiCall" */ = {
			isa = XCConfigurationList;
			buildConfigurations = (
				2ED8F9D21CEA71EE00C99189 /* Debug */,
				2ED8F9D31CEA71EE00C99189 /* Release */,
			);
			defaultConfigurationIsVisible = 0;
			defaultConfigurationName = Release;
		};
		2ED8F9D41CEA71EE00C99189 /* Build configuration list for PBXNativeTarget "10 - SimpleRESTApiCall" */ = {
			isa = XCConfigurationList;
			buildConfigurations = (
				2ED8F9D51CEA71EE00C99189 /* Debug */,
				2ED8F9D61CEA71EE00C99189 /* Release */,
			);
			defaultConfigurationIsVisible = 0;
			defaultConfigurationName = Release;
		};
/* End XCConfigurationList section */
	};
	rootObject = 2ED8F9BA1CEA71EE00C99189 /* Project object */;
}
