// !$*UTF8*$!
{
	archiveVersion = 1;
	classes = {
	};
	objectVersion = 46;
	objects = {

/* Begin PBXBuildFile section */
		2ECB09B11CBB00EB003D36FB /* AppDelegate.swift in Sources */ = {isa = PBXBuildFile; fileRef = 2ECB09B01CBB00EB003D36FB /* AppDelegate.swift */; };
		2ECB09B31CBB00EB003D36FB /* ViewController.swift in Sources */ = {isa = PBXBuildFile; fileRef = 2ECB09B21CBB00EB003D36FB /* ViewController.swift */; };
		2ECB09B61CBB00EB003D36FB /* Main.storyboard in Resources */ = {isa = PBXBuildFile; fileRef = 2ECB09B41CBB00EB003D36FB /* Main.storyboard */; };
		2ECB09B81CBB00EB003D36FB /* Assets.xcassets in Resources */ = {isa = PBXBuildFile; fileRef = 2ECB09B71CBB00EB003D36FB /* Assets.xcassets */; };
		2ECB09BB1CBB00EB003D36FB /* LaunchScreen.storyboard in Resources */ = {isa = PBXBuildFile; fileRef = 2ECB09B91CBB00EB003D36FB /* LaunchScreen.storyboard */; };
/* End PBXBuildFile section */

/* Begin PBXFileReference section */
		2ECB09AD1CBB00EB003D36FB /* fontChanger.app */ = {isa = PBXFileReference; explicitFileType = wrapper.application; includeInIndex = 0; path = fontChanger.app; sourceTree = BUILT_PRODUCTS_DIR; };
		2ECB09B01CBB00EB003D36FB /* AppDelegate.swift */ = {isa = PBXFileReference; lastKnownFileType = sourcecode.swift; path = AppDelegate.swift; sourceTree = "<group>"; };
		2ECB09B21CBB00EB003D36FB /* ViewController.swift */ = {isa = PBXFileReference; lastKnownFileType = sourcecode.swift; path = ViewController.swift; sourceTree = "<group>"; };
		2ECB09B51CBB00EB003D36FB /* Base */ = {isa = PBXFileReference; lastKnownFileType = file.storyboard; name = Base; path = Base.lproj/Main.storyboard; sourceTree = "<group>"; };
		2ECB09B71CBB00EB003D36FB /* Assets.xcassets */ = {isa = PBXFileReference; lastKnownFileType = folder.assetcatalog; path = Assets.xcassets; sourceTree = "<group>"; };
		2ECB09BA1CBB00EB003D36FB /* Base */ = {isa = PBXFileReference; lastKnownFileType = file.storyboard; name = Base; path = Base.lproj/LaunchScreen.storyboard; sourceTree = "<group>"; };
		2ECB09BC1CBB00EB003D36FB /* Info.plist */ = {isa = PBXFileReference; lastKnownFileType = text.plist.xml; path = Info.plist; sourceTree = "<group>"; };
/* End PBXFileReference section */

/* Begin PBXFrameworksBuildPhase section */
		2ECB09AA1CBB00EB003D36FB /* Frameworks */ = {
			isa = PBXFrameworksBuildPhase;
			buildActionMask = 2147483647;
			files = (
			);
			runOnlyForDeploymentPostprocessing = 0;
		};
/* End PBXFrameworksBuildPhase section */

/* Begin PBXGroup section */
		2ECB09A41CBB00EA003D36FB = {
			isa = PBXGroup;
			children = (
				2ECB09AF1CBB00EB003D36FB /* fontChanger */,
				2ECB09AE1CBB00EB003D36FB /* Products */,
			);
			sourceTree = "<group>";
		};
		2ECB09AE1CBB00EB003D36FB /* Products */ = {
			isa = PBXGroup;
			children = (
				2ECB09AD1CBB00EB003D36FB /* fontChanger.app */,
			);
			name = Products;
			sourceTree = "<group>";
		};
		2ECB09AF1CBB00EB003D36FB /* fontChanger */ = {
			isa = PBXGroup;
			children = (
				2ECB09B01CBB00EB003D36FB /* AppDelegate.swift */,
				2ECB09B21CBB00EB003D36FB /* ViewController.swift */,
				2ECB09B41CBB00EB003D36FB /* Main.storyboard */,
				2ECB09B71CBB00EB003D36FB /* Assets.xcassets */,
				2ECB09B91CBB00EB003D36FB /* LaunchScreen.storyboard */,
				2ECB09BC1CBB00EB003D36FB /* Info.plist */,
			);
			path = fontChanger;
			sourceTree = "<group>";
		};
/* End PBXGroup section */

/* Begin PBXNativeTarget section */
		2ECB09AC1CBB00EB003D36FB /* fontChanger */ = {
			isa = PBXNativeTarget;
			buildConfigurationList = 2ECB09BF1CBB00EB003D36FB /* Build configuration list for PBXNativeTarget "fontChanger" */;
			buildPhases = (
				2ECB09A91CBB00EB003D36FB /* Sources */,
				2ECB09AA1CBB00EB003D36FB /* Frameworks */,
				2ECB09AB1CBB00EB003D36FB /* Resources */,
			);
			buildRules = (
			);
			dependencies = (
			);
			name = fontChanger;
			productName = fontChanger;
			productReference = 2ECB09AD1CBB00EB003D36FB /* fontChanger.app */;
			productType = "com.apple.product-type.application";
		};
/* End PBXNativeTarget section */

/* Begin PBXProject section */
		2ECB09A51CBB00EA003D36FB /* Project object */ = {
			isa = PBXProject;
			attributes = {
				LastSwiftUpdateCheck = 0730;
				LastUpgradeCheck = 0730;
				ORGANIZATIONNAME = "Matthew Benjamin";
				TargetAttributes = {
					2ECB09AC1CBB00EB003D36FB = {
						CreatedOnToolsVersion = 7.3;
					};
				};
			};
			buildConfigurationList = 2ECB09A81CBB00EA003D36FB /* Build configuration list for PBXProject "fontChanger" */;
			compatibilityVersion = "Xcode 3.2";
			developmentRegion = English;
			hasScannedForEncodings = 0;
			knownRegions = (
				en,
				Base,
			);
			mainGroup = 2ECB09A41CBB00EA003D36FB;
			productRefGroup = 2ECB09AE1CBB00EB003D36FB /* Products */;
			projectDirPath = "";
			projectRoot = "";
			targets = (
				2ECB09AC1CBB00EB003D36FB /* fontChanger */,
			);
		};
/* End PBXProject section */

/* Begin PBXResourcesBuildPhase section */
		2ECB09AB1CBB00EB003D36FB /* Resources */ = {
			isa = PBXResourcesBuildPhase;
			buildActionMask = 2147483647;
			files = (
				2ECB09BB1CBB00EB003D36FB /* LaunchScreen.storyboard in Resources */,
				2ECB09B81CBB00EB003D36FB /* Assets.xcassets in Resources */,
				2ECB09B61CBB00EB003D36FB /* Main.storyboard in Resources */,
			);
			runOnlyForDeploymentPostprocessing = 0;
		};
/* End PBXResourcesBuildPhase section */

/* Begin PBXSourcesBuildPhase section */
		2ECB09A91CBB00EB003D36FB /* Sources */ = {
			isa = PBXSourcesBuildPhase;
			buildActionMask = 2147483647;
			files = (
				2ECB09B31CBB00EB003D36FB /* ViewController.swift in Sources */,
				2ECB09B11CBB00EB003D36FB /* AppDelegate.swift in Sources */,
			);
			runOnlyForDeploymentPostprocessing = 0;
		};
/* End PBXSourcesBuildPhase section */

/* Begin PBXVariantGroup section */
		2ECB09B41CBB00EB003D36FB /* Main.storyboard */ = {
			isa = PBXVariantGroup;
			children = (
				2ECB09B51CBB00EB003D36FB /* Base */,
			);
			name = Main.storyboard;
			sourceTree = "<group>";
		};
		2ECB09B91CBB00EB003D36FB /* LaunchScreen.storyboard */ = {
			isa = PBXVariantGroup;
			children = (
				2ECB09BA1CBB00EB003D36FB /* Base */,
			);
			name = LaunchScreen.storyboard;
			sourceTree = "<group>";
		};
/* End PBXVariantGroup section */

/* Begin XCBuildConfiguration section */
		2ECB09BD1CBB00EB003D36FB /* Debug */ = {
			isa = XCBuildConfiguration;
			buildSettings = {
				ALWAYS_SEARCH_USER_PATHS = NO;
				CLANG_ANALYZER_NONNULL = YES;
				CLANG_CXX_LANGUAGE_STANDARD = "gnu++0x";
				CLANG_CXX_LIBRARY = "libc++";
				CLANG_ENABLE_MODULES = YES;
				CLANG_ENABLE_OBJC_ARC = YES;
				CLANG_WARN_BOOL_CONVERSION = YES;
				CLANG_WARN_CONSTANT_CONVERSION = YES;
				CLANG_WARN_DIRECT_OBJC_ISA_USAGE = YES_ERROR;
				CLANG_WARN_EMPTY_BODY = YES;
				CLANG_WARN_ENUM_CONVERSION = YES;
				CLANG_WARN_INT_CONVERSION = YES;
				CLANG_WARN_OBJC_ROOT_CLASS = YES_ERROR;
				CLANG_WARN_UNREACHABLE_CODE = YES;
				CLANG_WARN__DUPLICATE_METHOD_MATCH = YES;
				"CODE_SIGN_IDENTITY[sdk=iphoneos*]" = "iPhone Developer";
				COPY_PHASE_STRIP = NO;
				DEBUG_INFORMATION_FORMAT = dwarf;
				ENABLE_STRICT_OBJC_MSGSEND = YES;
				ENABLE_TESTABILITY = YES;
				GCC_C_LANGUAGE_STANDARD = gnu99;
				GCC_DYNAMIC_NO_PIC = NO;
				GCC_NO_COMMON_BLOCKS = YES;
				GCC_OPTIMIZATION_LEVEL = 0;
				GCC_PREPROCESSOR_DEFINITIONS = (
					"DEBUG=1",
					"$(inherited)",
				);
				GCC_WARN_64_TO_32_BIT_CONVERSION = YES;
				GCC_WARN_ABOUT_RETURN_TYPE = YES_ERROR;
				GCC_WARN_UNDECLARED_SELECTOR = YES;
				GCC_WARN_UNINITIALIZED_AUTOS = YES_AGGRESSIVE;
				GCC_WARN_UNUSED_FUNCTION = YES;
				GCC_WARN_UNUSED_VARIABLE = YES;
				IPHONEOS_DEPLOYMENT_TARGET = 9.3;
				MTL_ENABLE_DEBUG_INFO = YES;
				ONLY_ACTIVE_ARCH = YES;
				SDKROOT = iphoneos;
				SWIFT_OPTIMIZATION_LEVEL = "-Onone";
			};
			name = Debug;
		};
		2ECB09BE1CBB00EB003D36FB /* Release */ = {
			isa = XCBuildConfiguration;
			buildSettings = {
				ALWAYS_SEARCH_USER_PATHS = NO;
				CLANG_ANALYZER_NONNULL = YES;
				CLANG_CXX_LANGUAGE_STANDARD = "gnu++0x";
				CLANG_CXX_LIBRARY = "libc++";
				CLANG_ENABLE_MODULES = YES;
				CLANG_ENABLE_OBJC_ARC = YES;
				CLANG_WARN_BOOL_CONVERSION = YES;
				CLANG_WARN_CONSTANT_CONVERSION = YES;
				CLANG_WARN_DIRECT_OBJC_ISA_USAGE = YES_ERROR;
				CLANG_WARN_EMPTY_BODY = YES;
				CLANG_WARN_ENUM_CONVERSION = YES;
				CLANG_WARN_INT_CONVERSION = YES;
				CLANG_WARN_OBJC_ROOT_CLASS = YES_ERROR;
				CLANG_WARN_UNREACHABLE_CODE = YES;
				CLANG_WARN__DUPLICATE_METHOD_MATCH = YES;
				"CODE_SIGN_IDENTITY[sdk=iphoneos*]" = "iPhone Developer";
				COPY_PHASE_STRIP = NO;
				DEBUG_INFORMATION_FORMAT = "dwarf-with-dsym";
				ENABLE_NS_ASSERTIONS = NO;
				ENABLE_STRICT_OBJC_MSGSEND = YES;
				GCC_C_LANGUAGE_STANDARD = gnu99;
				GCC_NO_COMMON_BLOCKS = YES;
				GCC_WARN_64_TO_32_BIT_CONVERSION = YES;
				GCC_WARN_ABOUT_RETURN_TYPE = YES_ERROR;
				GCC_WARN_UNDECLARED_SELECTOR = YES;
				GCC_WARN_UNINITIALIZED_AUTOS = YES_AGGRESSIVE;
				GCC_WARN_UNUSED_FUNCTION = YES;
				GCC_WARN_UNUSED_VARIABLE = YES;
				IPHONEOS_DEPLOYMENT_TARGET = 9.3;
				MTL_ENABLE_DEBUG_INFO = NO;
				SDKROOT = iphoneos;
				VALIDATE_PRODUCT = YES;
			};
			name = Release;
		};
		2ECB09C01CBB00EB003D36FB /* Debug */ = {
			isa = XCBuildConfiguration;
			buildSettings = {
				ASSETCATALOG_COMPILER_APPICON_NAME = AppIcon;
				INFOPLIST_FILE = fontChanger/Info.plist;
				LD_RUNPATH_SEARCH_PATHS = "$(inherited) @executable_path/Frameworks";
				PRODUCT_BUNDLE_IDENTIFIER = com.mbenjamin618.fontChanger;
				PRODUCT_NAME = "$(TARGET_NAME)";
			};
			name = Debug;
		};
		2ECB09C11CBB00EB003D36FB /* Release */ = {
			isa = XCBuildConfiguration;
			buildSettings = {
				ASSETCATALOG_COMPILER_APPICON_NAME = AppIcon;
				INFOPLIST_FILE = fontChanger/Info.plist;
				LD_RUNPATH_SEARCH_PATHS = "$(inherited) @executable_path/Frameworks";
				PRODUCT_BUNDLE_IDENTIFIER = com.mbenjamin618.fontChanger;
				PRODUCT_NAME = "$(TARGET_NAME)";
			};
			name = Release;
		};
/* End XCBuildConfiguration section */

/* Begin XCConfigurationList section */
		2ECB09A81CBB00EA003D36FB /* Build configuration list for PBXProject "fontChanger" */ = {
			isa = XCConfigurationList;
			buildConfigurations = (
				2ECB09BD1CBB00EB003D36FB /* Debug */,
				2ECB09BE1CBB00EB003D36FB /* Release */,
			);
			defaultConfigurationIsVisible = 0;
			defaultConfigurationName = Release;
		};
		2ECB09BF1CBB00EB003D36FB /* Build configuration list for PBXNativeTarget "fontChanger" */ = {
			isa = XCConfigurationList;
			buildConfigurations = (
				2ECB09C01CBB00EB003D36FB /* Debug */,
				2ECB09C11CBB00EB003D36FB /* Release */,
			);
			defaultConfigurationIsVisible = 0;
		};
/* End XCConfigurationList section */
	};
	rootObject = 2ECB09A51CBB00EA003D36FB /* Project object */;
}
